
Microsoft Visual Studio Solution File, Format Version 12.00
# Visual Studio Version 16
VisualStudioVersion = 16.0.29806.167
MinimumVisualStudioVersion = 10.0.40219.1
Project("{9A19103F-16F7-4668-BE54-9A1E7A4F7556}") = "MixJsonGrpc", "src\MixJsonGrpc\MixJsonGrpc.csproj", "{09ADD251-BC8A-4ED6-B017-A0B40A074704}"
EndProject
Project("{9A19103F-16F7-4668-BE54-9A1E7A4F7556}") = "MixJsonGrpc.Client.Lib", "src\MixJsonGrpc.Client.Lib\MixJsonGrpc.Client.Lib.csproj", "{F87572EC-3BAB-4A85-AEA8-7B00E3A18835}"
EndProject
Project("{2150E333-8FDC-42A3-9474-1A3956D46DE8}") = "src", "src", "{48009376-BAC0-470A-9880-561FFB6F89F9}"
EndProject
Project("{FAE04EC0-301F-11D3-BF4B-00C04F79EFBC}") = "MixJsonGrpc.Client", "src\MixJsonGrpc.Client\MixJsonGrpc.Client.csproj", "{D283FF47-89E6-4304-9E2B-F67995C7EDC7}"
EndProject
Global
	GlobalSection(SolutionConfigurationPlatforms) = preSolution
		Debug|Any CPU = Debug|Any CPU
		Release|Any CPU = Release|Any CPU
	EndGlobalSection
	GlobalSection(ProjectConfigurationPlatforms) = postSolution
		{09ADD251-BC8A-4ED6-B017-A0B40A074704}.Debug|Any CPU.ActiveCfg = Debug|Any CPU
		{09ADD251-BC8A-4ED6-B017-A0B40A074704}.Debug|Any CPU.Build.0 = Debug|Any CPU
		{09ADD251-BC8A-4ED6-B017-A0B40A074704}.Release|Any CPU.ActiveCfg = Release|Any CPU
		{09ADD251-BC8A-4ED6-B017-A0B40A074704}.Release|Any CPU.Build.0 = Release|Any CPU
		{F87572EC-3BAB-4A85-AEA8-7B00E3A18835}.Debug|Any CPU.ActiveCfg = Debug|Any CPU
		{F87572EC-3BAB-4A85-AEA8-7B00E3A18835}.Debug|Any CPU.Build.0 = Debug|Any CPU
		{F87572EC-3BAB-4A85-AEA8-7B00E3A18835}.Release|Any CPU.ActiveCfg = Release|Any CPU
		{F87572EC-3BAB-4A85-AEA8-7B00E3A18835}.Release|Any CPU.Build.0 = Release|Any CPU
		{D283FF47-89E6-4304-9E2B-F67995C7EDC7}.Debug|Any CPU.ActiveCfg = Debug|Any CPU
		{D283FF47-89E6-4304-9E2B-F67995C7EDC7}.Debug|Any CPU.Build.0 = Debug|Any CPU
		{D283FF47-89E6-4304-9E2B-F67995C7EDC7}.Release|Any CPU.ActiveCfg = Release|Any CPU
		{D283FF47-89E6-4304-9E2B-F67995C7EDC7}.Release|Any CPU.Build.0 = Release|Any CPU
	EndGlobalSection
	GlobalSection(SolutionProperties) = preSolution
		HideSolutionNode = FALSE
	EndGlobalSection
	GlobalSection(NestedProjects) = preSolution
		{09ADD251-BC8A-4ED6-B017-A0B40A074704} = {48009376-BAC0-470A-9880-561FFB6F89F9}
		{F87572EC-3BAB-4A85-AEA8-7B00E3A18835} = {48009376-BAC0-470A-9880-561FFB6F89F9}
		{D283FF47-89E6-4304-9E2B-F67995C7EDC7} = {48009376-BAC0-470A-9880-561FFB6F89F9}
	EndGlobalSection
	GlobalSection(ExtensibilityGlobals) = postSolution
		SolutionGuid = {18E24C34-369D-493A-ACD7-DD8B982E3798}
	EndGlobalSection
EndGlobal
